
Microsoft Visual Studio Solution File, Format Version 12.00
# Visual Studio Version 16
VisualStudioVersion = 16.0.32228.343
MinimumVisualStudioVersion = 10.0.40219.1
Project("{FAE04EC0-301F-11D3-BF4B-00C04F79EFBC}") = "LuyenTapPart2", "LuyenTapPart2.csproj", "{F2CCAC81-0B59-4B1A-ACEC-39610454CA94}"
EndProject
Global
	GlobalSection(SolutionConfigurationPlatforms) = preSolution
		Debug|Any CPU = Debug|Any CPU
		Release|Any CPU = Release|Any CPU
	EndGlobalSection
	GlobalSection(ProjectConfigurationPlatforms) = postSolution
		{F2CCAC81-0B59-4B1A-ACEC-39610454CA94}.Debug|Any CPU.ActiveCfg = Debug|Any CPU
		{F2CCAC81-0B59-4B1A-ACEC-39610454CA94}.Debug|Any CPU.Build.0 = Debug|Any CPU
		{F2CCAC81-0B59-4B1A-ACEC-39610454CA94}.Release|Any CPU.ActiveCfg = Release|Any CPU
		{F2CCAC81-0B59-4B1A-ACEC-39610454CA94}.Release|Any CPU.Build.0 = Release|Any CPU
	EndGlobalSection
	GlobalSection(SolutionProperties) = preSolution
		HideSolutionNode = FALSE
	EndGlobalSection
	GlobalSection(ExtensibilityGlobals) = postSolution
		SolutionGuid = {E71B374A-09E9-4216-ACFA-9E3702530A93}
	EndGlobalSection
EndGlobal
